
Microsoft Visual Studio Solution File, Format Version 12.00
# Visual Studio Version 17
VisualStudioVersion = 17.0.31903.59
MinimumVisualStudioVersion = 10.0.40219.1
Project("{9A19103F-16F7-4668-BE54-9A1E7A4F7556}") = "WebApi", "WebApi\WebApi.csproj", "{27ED9FCF-818E-4360-9201-948716ED4859}"
EndProject
Project("{FAE04EC0-301F-11D3-BF4B-00C04F79EFBC}") = "Entities", "Entities\Entities.csproj", "{5907AE70-3D03-4DAD-B10A-4D676AA46471}"
EndProject
Project("{FAE04EC0-301F-11D3-BF4B-00C04F79EFBC}") = "Repositories", "Repositories\Repositories.csproj", "{3088AA98-FA43-43FD-9631-5C64AC66AE63}"
EndProject
Project("{FAE04EC0-301F-11D3-BF4B-00C04F79EFBC}") = "Services", "Services\Services.csproj", "{06953766-A26F-452D-8064-1EE3182C690F}"
EndProject
Project("{FAE04EC0-301F-11D3-BF4B-00C04F79EFBC}") = "Presentation", "Presentation\Presentation.csproj", "{67DE1503-6DB2-4111-85BF-47D5E0DAE45C}"
EndProject
Global
	GlobalSection(SolutionConfigurationPlatforms) = preSolution
		Debug|Any CPU = Debug|Any CPU
		Release|Any CPU = Release|Any CPU
	EndGlobalSection
	GlobalSection(ProjectConfigurationPlatforms) = postSolution
		{27ED9FCF-818E-4360-9201-948716ED4859}.Debug|Any CPU.ActiveCfg = Debug|Any CPU
		{27ED9FCF-818E-4360-9201-948716ED4859}.Debug|Any CPU.Build.0 = Debug|Any CPU
		{27ED9FCF-818E-4360-9201-948716ED4859}.Release|Any CPU.ActiveCfg = Release|Any CPU
		{27ED9FCF-818E-4360-9201-948716ED4859}.Release|Any CPU.Build.0 = Release|Any CPU
		{5907AE70-3D03-4DAD-B10A-4D676AA46471}.Debug|Any CPU.ActiveCfg = Debug|Any CPU
		{5907AE70-3D03-4DAD-B10A-4D676AA46471}.Debug|Any CPU.Build.0 = Debug|Any CPU
		{5907AE70-3D03-4DAD-B10A-4D676AA46471}.Release|Any CPU.ActiveCfg = Release|Any CPU
		{5907AE70-3D03-4DAD-B10A-4D676AA46471}.Release|Any CPU.Build.0 = Release|Any CPU
		{3088AA98-FA43-43FD-9631-5C64AC66AE63}.Debug|Any CPU.ActiveCfg = Debug|Any CPU
		{3088AA98-FA43-43FD-9631-5C64AC66AE63}.Debug|Any CPU.Build.0 = Debug|Any CPU
		{3088AA98-FA43-43FD-9631-5C64AC66AE63}.Release|Any CPU.ActiveCfg = Release|Any CPU
		{3088AA98-FA43-43FD-9631-5C64AC66AE63}.Release|Any CPU.Build.0 = Release|Any CPU
		{06953766-A26F-452D-8064-1EE3182C690F}.Debug|Any CPU.ActiveCfg = Debug|Any CPU
		{06953766-A26F-452D-8064-1EE3182C690F}.Debug|Any CPU.Build.0 = Debug|Any CPU
		{06953766-A26F-452D-8064-1EE3182C690F}.Release|Any CPU.ActiveCfg = Release|Any CPU
		{06953766-A26F-452D-8064-1EE3182C690F}.Release|Any CPU.Build.0 = Release|Any CPU
		{67DE1503-6DB2-4111-85BF-47D5E0DAE45C}.Debug|Any CPU.ActiveCfg = Debug|Any CPU
		{67DE1503-6DB2-4111-85BF-47D5E0DAE45C}.Debug|Any CPU.Build.0 = Debug|Any CPU
		{67DE1503-6DB2-4111-85BF-47D5E0DAE45C}.Release|Any CPU.ActiveCfg = Release|Any CPU
		{67DE1503-6DB2-4111-85BF-47D5E0DAE45C}.Release|Any CPU.Build.0 = Release|Any CPU
	EndGlobalSection
	GlobalSection(SolutionProperties) = preSolution
		HideSolutionNode = FALSE
	EndGlobalSection
	GlobalSection(ExtensibilityGlobals) = postSolution
		SolutionGuid = {D88CE1C5-67BE-4228-AA0A-3FE7E0561765}
	EndGlobalSection
EndGlobal
